
Microsoft Visual Studio Solution File, Format Version 12.00
# Visual Studio Version 16
VisualStudioVersion = 16.0.29503.13
MinimumVisualStudioVersion = 10.0.40219.1
Project("{9A19103F-16F7-4668-BE54-9A1E7A4F7556}") = "RzrSite.API", "RzrSite.API\RzrSite.API.csproj", "{213C2927-6D97-4427-B3FB-955F222B08E5}"
EndProject
Project("{FAE04EC0-301F-11D3-BF4B-00C04F79EFBC}") = "RzrSite.DAL", "RzrSite.DAL\RzrSite.DAL.csproj", "{74F84893-116E-4823-B62C-9CCA23320AE8}"
EndProject
Project("{FAE04EC0-301F-11D3-BF4B-00C04F79EFBC}") = "RzrSite.Models", "RzrSite.Models\RzrSite.Models.csproj", "{4CBAE63D-66E6-4F4F-83D2-F3761E411447}"
EndProject
Global
	GlobalSection(SolutionConfigurationPlatforms) = preSolution
		Debug|Any CPU = Debug|Any CPU
		Release|Any CPU = Release|Any CPU
	EndGlobalSection
	GlobalSection(ProjectConfigurationPlatforms) = postSolution
		{213C2927-6D97-4427-B3FB-955F222B08E5}.Debug|Any CPU.ActiveCfg = Debug|Any CPU
		{213C2927-6D97-4427-B3FB-955F222B08E5}.Debug|Any CPU.Build.0 = Debug|Any CPU
		{213C2927-6D97-4427-B3FB-955F222B08E5}.Release|Any CPU.ActiveCfg = Release|Any CPU
		{213C2927-6D97-4427-B3FB-955F222B08E5}.Release|Any CPU.Build.0 = Release|Any CPU
		{74F84893-116E-4823-B62C-9CCA23320AE8}.Debug|Any CPU.ActiveCfg = Debug|Any CPU
		{74F84893-116E-4823-B62C-9CCA23320AE8}.Debug|Any CPU.Build.0 = Debug|Any CPU
		{74F84893-116E-4823-B62C-9CCA23320AE8}.Release|Any CPU.ActiveCfg = Release|Any CPU
		{74F84893-116E-4823-B62C-9CCA23320AE8}.Release|Any CPU.Build.0 = Release|Any CPU
		{4CBAE63D-66E6-4F4F-83D2-F3761E411447}.Debug|Any CPU.ActiveCfg = Debug|Any CPU
		{4CBAE63D-66E6-4F4F-83D2-F3761E411447}.Debug|Any CPU.Build.0 = Debug|Any CPU
		{4CBAE63D-66E6-4F4F-83D2-F3761E411447}.Release|Any CPU.ActiveCfg = Release|Any CPU
		{4CBAE63D-66E6-4F4F-83D2-F3761E411447}.Release|Any CPU.Build.0 = Release|Any CPU
	EndGlobalSection
	GlobalSection(SolutionProperties) = preSolution
		HideSolutionNode = FALSE
	EndGlobalSection
	GlobalSection(ExtensibilityGlobals) = postSolution
		SolutionGuid = {51D04073-0369-46B3-9504-F7452A41C82E}
	EndGlobalSection
EndGlobal
